
Microsoft Visual Studio Solution File, Format Version 12.00
# Visual Studio Version 16
VisualStudioVersion = 16.0.34031.81
MinimumVisualStudioVersion = 10.0.40219.1
Project("{FAE04EC0-301F-11D3-BF4B-00C04F79EFBC}") = "Vidly", "Vidly\Vidly.csproj", "{B837E88F-5B12-4E50-8079-C37F504A0C04}"
EndProject
Global
	GlobalSection(SolutionConfigurationPlatforms) = preSolution
		Debug|Any CPU = Debug|Any CPU
		Release|Any CPU = Release|Any CPU
		Testing|Any CPU = Testing|Any CPU
	EndGlobalSection
	GlobalSection(ProjectConfigurationPlatforms) = postSolution
		{B837E88F-5B12-4E50-8079-C37F504A0C04}.Debug|Any CPU.ActiveCfg = Debug|Any CPU
		{B837E88F-5B12-4E50-8079-C37F504A0C04}.Debug|Any CPU.Build.0 = Debug|Any CPU
		{B837E88F-5B12-4E50-8079-C37F504A0C04}.Release|Any CPU.ActiveCfg = Release|Any CPU
		{B837E88F-5B12-4E50-8079-C37F504A0C04}.Release|Any CPU.Build.0 = Release|Any CPU
		{B837E88F-5B12-4E50-8079-C37F504A0C04}.Testing|Any CPU.ActiveCfg = Testing|Any CPU
		{B837E88F-5B12-4E50-8079-C37F504A0C04}.Testing|Any CPU.Build.0 = Testing|Any CPU
	EndGlobalSection
	GlobalSection(SolutionProperties) = preSolution
		HideSolutionNode = FALSE
	EndGlobalSection
	GlobalSection(ExtensibilityGlobals) = postSolution
		SolutionGuid = {A77B460D-484D-4665-B1D5-B03202222D81}
	EndGlobalSection
EndGlobal
